
Microsoft Visual Studio Solution File, Format Version 12.00
# Visual Studio Version 16
VisualStudioVersion = 16.0.30330.147
MinimumVisualStudioVersion = 10.0.40219.1
Project("{FAE04EC0-301F-11D3-BF4B-00C04F79EFBC}") = "WindowsService1", "WindowsService1\WindowsService1.csproj", "{3F35B415-3795-46A4-A3C7-7D4F3AF88EF6}"
EndProject
Global
	GlobalSection(SolutionConfigurationPlatforms) = preSolution
		Debug|Any CPU = Debug|Any CPU
		Release|Any CPU = Release|Any CPU
	EndGlobalSection
	GlobalSection(ProjectConfigurationPlatforms) = postSolution
		{3F35B415-3795-46A4-A3C7-7D4F3AF88EF6}.Debug|Any CPU.ActiveCfg = Debug|Any CPU
		{3F35B415-3795-46A4-A3C7-7D4F3AF88EF6}.Debug|Any CPU.Build.0 = Debug|Any CPU
		{3F35B415-3795-46A4-A3C7-7D4F3AF88EF6}.Release|Any CPU.ActiveCfg = Release|Any CPU
		{3F35B415-3795-46A4-A3C7-7D4F3AF88EF6}.Release|Any CPU.Build.0 = Release|Any CPU
	EndGlobalSection
	GlobalSection(SolutionProperties) = preSolution
		HideSolutionNode = FALSE
	EndGlobalSection
	GlobalSection(ExtensibilityGlobals) = postSolution
		SolutionGuid = {0E3404D7-9688-43FF-A714-CE8DF11B6780}
	EndGlobalSection
EndGlobal
